
Microsoft Visual Studio Solution File, Format Version 12.00
# Visual Studio Version 16
VisualStudioVersion = 16.0.29709.97
MinimumVisualStudioVersion = 10.0.40219.1
Project("{FAE04EC0-301F-11D3-BF4B-00C04F79EFBC}") = "calcpoop", "calcpoop\calcpoop.csproj", "{C23936CD-12BE-44C9-9D72-DFC76C610190}"
EndProject
Global
	GlobalSection(SolutionConfigurationPlatforms) = preSolution
		Debug|Any CPU = Debug|Any CPU
		Release|Any CPU = Release|Any CPU
	EndGlobalSection
	GlobalSection(ProjectConfigurationPlatforms) = postSolution
		{C23936CD-12BE-44C9-9D72-DFC76C610190}.Debug|Any CPU.ActiveCfg = Debug|Any CPU
		{C23936CD-12BE-44C9-9D72-DFC76C610190}.Debug|Any CPU.Build.0 = Debug|Any CPU
		{C23936CD-12BE-44C9-9D72-DFC76C610190}.Release|Any CPU.ActiveCfg = Release|Any CPU
		{C23936CD-12BE-44C9-9D72-DFC76C610190}.Release|Any CPU.Build.0 = Release|Any CPU
	EndGlobalSection
	GlobalSection(SolutionProperties) = preSolution
		HideSolutionNode = FALSE
	EndGlobalSection
	GlobalSection(ExtensibilityGlobals) = postSolution
		SolutionGuid = {A3D35F48-2723-4A6B-AD67-3590EC191B4D}
	EndGlobalSection
EndGlobal
